// !$*UTF8*$!
{
	archiveVersion = 1;
	classes = {
	};
	objectVersion = 46;
	objects = {

/* Begin PBXBuildFile section */
		4549B9AE1C8512B800AFD38D /* RoundedEdgeImage.swift in Sources */ = {isa = PBXBuildFile; fileRef = 4549B9AD1C8512B800AFD38D /* RoundedEdgeImage.swift */; };
		455570CB1C7A071500C62A44 /* AppDelegate.swift in Sources */ = {isa = PBXBuildFile; fileRef = 455570CA1C7A071500C62A44 /* AppDelegate.swift */; };
		455570CD1C7A071500C62A44 /* ViewController.swift in Sources */ = {isa = PBXBuildFile; fileRef = 455570CC1C7A071500C62A44 /* ViewController.swift */; };
		455570D01C7A071500C62A44 /* Main.storyboard in Resources */ = {isa = PBXBuildFile; fileRef = 455570CE1C7A071500C62A44 /* Main.storyboard */; };
		455570D31C7A071500C62A44 /* Ottawa.xcdatamodeld in Sources */ = {isa = PBXBuildFile; fileRef = 455570D11C7A071500C62A44 /* Ottawa.xcdatamodeld */; };
		455570D51C7A071500C62A44 /* Assets.xcassets in Resources */ = {isa = PBXBuildFile; fileRef = 455570D41C7A071500C62A44 /* Assets.xcassets */; };
		455570D81C7A071500C62A44 /* LaunchScreen.storyboard in Resources */ = {isa = PBXBuildFile; fileRef = 455570D61C7A071500C62A44 /* LaunchScreen.storyboard */; };
		457876F41C983BD5001A741C /* RoundedEdgeTextView.swift in Sources */ = {isa = PBXBuildFile; fileRef = 457876F31C983BD5001A741C /* RoundedEdgeTextView.swift */; };
		457876F61C983CC4001A741C /* RoundedEdgeLabel.swift in Sources */ = {isa = PBXBuildFile; fileRef = 457876F51C983CC4001A741C /* RoundedEdgeLabel.swift */; };
		457876F81C984619001A741C /* CustomTabBarController.swift in Sources */ = {isa = PBXBuildFile; fileRef = 457876F71C984619001A741C /* CustomTabBarController.swift */; };
		4596BAFA1C7CA0E000B338C0 /* IntroVC.swift in Sources */ = {isa = PBXBuildFile; fileRef = 4596BAF91C7CA0E000B338C0 /* IntroVC.swift */; };
		4596BAFC1C7CAFF300B338C0 /* Clock.swift in Sources */ = {isa = PBXBuildFile; fileRef = 4596BAFB1C7CAFF300B338C0 /* Clock.swift */; };
		4596BB001C7D271E00B338C0 /* Weather.swift in Sources */ = {isa = PBXBuildFile; fileRef = 4596BAFF1C7D271E00B338C0 /* Weather.swift */; };
		459A2D4E1C8289AE00C2AE9E /* AttractionsVC.swift in Sources */ = {isa = PBXBuildFile; fileRef = 459A2D4D1C8289AE00C2AE9E /* AttractionsVC.swift */; };
		45A567B81C7A9E1400B7985F /* RoundedButton.swift in Sources */ = {isa = PBXBuildFile; fileRef = 45A567B71C7A9E1400B7985F /* RoundedButton.swift */; };
		45AFA9531C87A44F00533E18 /* SightsVC.swift in Sources */ = {isa = PBXBuildFile; fileRef = 45AFA9521C87A44F00533E18 /* SightsVC.swift */; };
		45AFA9551C87AE1F00533E18 /* SightsDataSource.swift in Sources */ = {isa = PBXBuildFile; fileRef = 45AFA9541C87AE1F00533E18 /* SightsDataSource.swift */; };
		45AFA9571C87C6AC00533E18 /* SightsTableViewCell.swift in Sources */ = {isa = PBXBuildFile; fileRef = 45AFA9561C87C6AC00533E18 /* SightsTableViewCell.swift */; };
		45BFFD0B1C7E1F7100E42D93 /* JSON.swift in Sources */ = {isa = PBXBuildFile; fileRef = 45BFFD0A1C7E1F7100E42D93 /* JSON.swift */; };
		45BFFD131C7F76D200E42D93 /* InfoVC.swift in Sources */ = {isa = PBXBuildFile; fileRef = 45BFFD121C7F76D200E42D93 /* InfoVC.swift */; };
		45BFFD161C7F9DA000E42D93 /* WinterludeVC.swift in Sources */ = {isa = PBXBuildFile; fileRef = 45BFFD141C7F9DA000E42D93 /* WinterludeVC.swift */; };
		45BFFD1E1C7F9E5400E42D93 /* EventsVC.swift in Sources */ = {isa = PBXBuildFile; fileRef = 45BFFD1C1C7F9E5400E42D93 /* EventsVC.swift */; };
		45C4053B1C98695F0008E9AA /* CreditsData.swift in Sources */ = {isa = PBXBuildFile; fileRef = 45C4053A1C98695F0008E9AA /* CreditsData.swift */; };
		45C4053D1C9869A40008E9AA /* Credits.swift in Sources */ = {isa = PBXBuildFile; fileRef = 45C4053C1C9869A40008E9AA /* Credits.swift */; };
		45C4053F1C986B220008E9AA /* CreditsVC.swift in Sources */ = {isa = PBXBuildFile; fileRef = 45C4053E1C986B220008E9AA /* CreditsVC.swift */; };
		45C405411C986D2F0008E9AA /* CreditsTableViewCell.swift in Sources */ = {isa = PBXBuildFile; fileRef = 45C405401C986D2F0008E9AA /* CreditsTableViewCell.swift */; };
		45D240981C95A24C007DAA96 /* Sight.swift in Sources */ = {isa = PBXBuildFile; fileRef = 45D240971C95A24C007DAA96 /* Sight.swift */; };
/* End PBXBuildFile section */

/* Begin PBXFileReference section */
		4549B9AD1C8512B800AFD38D /* RoundedEdgeImage.swift */ = {isa = PBXFileReference; fileEncoding = 4; lastKnownFileType = sourcecode.swift; path = RoundedEdgeImage.swift; sourceTree = "<group>"; };
		455570C71C7A071500C62A44 /* Ottawa.app */ = {isa = PBXFileReference; explicitFileType = wrapper.application; includeInIndex = 0; path = Ottawa.app; sourceTree = BUILT_PRODUCTS_DIR; };
		455570CA1C7A071500C62A44 /* AppDelegate.swift */ = {isa = PBXFileReference; lastKnownFileType = sourcecode.swift; path = AppDelegate.swift; sourceTree = "<group>"; };
		455570CC1C7A071500C62A44 /* ViewController.swift */ = {isa = PBXFileReference; lastKnownFileType = sourcecode.swift; path = ViewController.swift; sourceTree = "<group>"; };
		455570CF1C7A071500C62A44 /* Base */ = {isa = PBXFileReference; lastKnownFileType = file.storyboard; name = Base; path = Base.lproj/Main.storyboard; sourceTree = "<group>"; };
		455570D21C7A071500C62A44 /* Ottawa.xcdatamodel */ = {isa = PBXFileReference; lastKnownFileType = wrapper.xcdatamodel; path = Ottawa.xcdatamodel; sourceTree = "<group>"; };
		455570D41C7A071500C62A44 /* Assets.xcassets */ = {isa = PBXFileReference; lastKnownFileType = folder.assetcatalog; path = Assets.xcassets; sourceTree = "<group>"; };
		455570D71C7A071500C62A44 /* Base */ = {isa = PBXFileReference; lastKnownFileType = file.storyboard; name = Base; path = Base.lproj/LaunchScreen.storyboard; sourceTree = "<group>"; };
		455570D91C7A071500C62A44 /* Info.plist */ = {isa = PBXFileReference; lastKnownFileType = text.plist.xml; path = Info.plist; sourceTree = "<group>"; };
		457876F31C983BD5001A741C /* RoundedEdgeTextView.swift */ = {isa = PBXFileReference; fileEncoding = 4; lastKnownFileType = sourcecode.swift; path = RoundedEdgeTextView.swift; sourceTree = "<group>"; };
		457876F51C983CC4001A741C /* RoundedEdgeLabel.swift */ = {isa = PBXFileReference; fileEncoding = 4; lastKnownFileType = sourcecode.swift; path = RoundedEdgeLabel.swift; sourceTree = "<group>"; };
		457876F71C984619001A741C /* CustomTabBarController.swift */ = {isa = PBXFileReference; fileEncoding = 4; lastKnownFileType = sourcecode.swift; path = CustomTabBarController.swift; sourceTree = "<group>"; };
		4596BAF91C7CA0E000B338C0 /* IntroVC.swift */ = {isa = PBXFileReference; fileEncoding = 4; lastKnownFileType = sourcecode.swift; path = IntroVC.swift; sourceTree = "<group>"; };
		4596BAFB1C7CAFF300B338C0 /* Clock.swift */ = {isa = PBXFileReference; fileEncoding = 4; lastKnownFileType = sourcecode.swift; path = Clock.swift; sourceTree = "<group>"; };
		4596BAFF1C7D271E00B338C0 /* Weather.swift */ = {isa = PBXFileReference; fileEncoding = 4; lastKnownFileType = sourcecode.swift; path = Weather.swift; sourceTree = "<group>"; };
		459A2D4D1C8289AE00C2AE9E /* AttractionsVC.swift */ = {isa = PBXFileReference; fileEncoding = 4; lastKnownFileType = sourcecode.swift; path = AttractionsVC.swift; sourceTree = "<group>"; };
		45A567B71C7A9E1400B7985F /* RoundedButton.swift */ = {isa = PBXFileReference; fileEncoding = 4; lastKnownFileType = sourcecode.swift; path = RoundedButton.swift; sourceTree = "<group>"; };
		45AFA9521C87A44F00533E18 /* SightsVC.swift */ = {isa = PBXFileReference; fileEncoding = 4; lastKnownFileType = sourcecode.swift; path = SightsVC.swift; sourceTree = "<group>"; };
		45AFA9541C87AE1F00533E18 /* SightsDataSource.swift */ = {isa = PBXFileReference; fileEncoding = 4; lastKnownFileType = sourcecode.swift; path = SightsDataSource.swift; sourceTree = "<group>"; };
		45AFA9561C87C6AC00533E18 /* SightsTableViewCell.swift */ = {isa = PBXFileReference; fileEncoding = 4; lastKnownFileType = sourcecode.swift; path = SightsTableViewCell.swift; sourceTree = "<group>"; };
		45BFFD0A1C7E1F7100E42D93 /* JSON.swift */ = {isa = PBXFileReference; fileEncoding = 4; lastKnownFileType = sourcecode.swift; path = JSON.swift; sourceTree = "<group>"; };
		45BFFD121C7F76D200E42D93 /* InfoVC.swift */ = {isa = PBXFileReference; fileEncoding = 4; lastKnownFileType = sourcecode.swift; path = InfoVC.swift; sourceTree = "<group>"; };
		45BFFD141C7F9DA000E42D93 /* WinterludeVC.swift */ = {isa = PBXFileReference; fileEncoding = 4; lastKnownFileType = sourcecode.swift; path = WinterludeVC.swift; sourceTree = "<group>"; };
		45BFFD1C1C7F9E5400E42D93 /* EventsVC.swift */ = {isa = PBXFileReference; fileEncoding = 4; lastKnownFileType = sourcecode.swift; path = EventsVC.swift; sourceTree = "<group>"; };
		45C4053A1C98695F0008E9AA /* CreditsData.swift */ = {isa = PBXFileReference; fileEncoding = 4; lastKnownFileType = sourcecode.swift; path = CreditsData.swift; sourceTree = "<group>"; };
		45C4053C1C9869A40008E9AA /* Credits.swift */ = {isa = PBXFileReference; fileEncoding = 4; lastKnownFileType = sourcecode.swift; path = Credits.swift; sourceTree = "<group>"; };
		45C4053E1C986B220008E9AA /* CreditsVC.swift */ = {isa = PBXFileReference; fileEncoding = 4; lastKnownFileType = sourcecode.swift; path = CreditsVC.swift; sourceTree = "<group>"; };
		45C405401C986D2F0008E9AA /* CreditsTableViewCell.swift */ = {isa = PBXFileReference; fileEncoding = 4; lastKnownFileType = sourcecode.swift; path = CreditsTableViewCell.swift; sourceTree = "<group>"; };
		45D240971C95A24C007DAA96 /* Sight.swift */ = {isa = PBXFileReference; fileEncoding = 4; lastKnownFileType = sourcecode.swift; path = Sight.swift; sourceTree = "<group>"; };
/* End PBXFileReference section */

/* Begin PBXFrameworksBuildPhase section */
		455570C41C7A071500C62A44 /* Frameworks */ = {
			isa = PBXFrameworksBuildPhase;
			buildActionMask = 2147483647;
			files = (
			);
			runOnlyForDeploymentPostprocessing = 0;
		};
/* End PBXFrameworksBuildPhase section */

/* Begin PBXGroup section */
		455570BE1C7A071500C62A44 = {
			isa = PBXGroup;
			children = (
				455570C91C7A071500C62A44 /* Ottawa */,
				455570C81C7A071500C62A44 /* Products */,
			);
			sourceTree = "<group>";
		};
		455570C81C7A071500C62A44 /* Products */ = {
			isa = PBXGroup;
			children = (
				455570C71C7A071500C62A44 /* Ottawa.app */,
			);
			name = Products;
			sourceTree = "<group>";
		};
		455570C91C7A071500C62A44 /* Ottawa */ = {
			isa = PBXGroup;
			children = (
				4596BAF61C7CA04A00B338C0 /* Views */,
				4596BAF51C7CA03800B338C0 /* Models */,
				4596BAF31C7CA02400B338C0 /* Controllers */,
				4596BAF41C7CA02C00B338C0 /* Utilities */,
				455570CA1C7A071500C62A44 /* AppDelegate.swift */,
				455570D41C7A071500C62A44 /* Assets.xcassets */,
				455570D91C7A071500C62A44 /* Info.plist */,
				455570D11C7A071500C62A44 /* Ottawa.xcdatamodeld */,
			);
			path = Ottawa;
			sourceTree = "<group>";
		};
		4596BAF31C7CA02400B338C0 /* Controllers */ = {
			isa = PBXGroup;
			children = (
				455570CC1C7A071500C62A44 /* ViewController.swift */,
				457876F71C984619001A741C /* CustomTabBarController.swift */,
				4596BAF91C7CA0E000B338C0 /* IntroVC.swift */,
				45BFFD121C7F76D200E42D93 /* InfoVC.swift */,
				45BFFD1C1C7F9E5400E42D93 /* EventsVC.swift */,
				45BFFD141C7F9DA000E42D93 /* WinterludeVC.swift */,
				459A2D4D1C8289AE00C2AE9E /* AttractionsVC.swift */,
				45AFA9521C87A44F00533E18 /* SightsVC.swift */,
				45C4053E1C986B220008E9AA /* CreditsVC.swift */,
			);
			name = Controllers;
			sourceTree = "<group>";
		};
		4596BAF41C7CA02C00B338C0 /* Utilities */ = {
			isa = PBXGroup;
			children = (
				45A567B71C7A9E1400B7985F /* RoundedButton.swift */,
				4596BAFB1C7CAFF300B338C0 /* Clock.swift */,
				4596BAFF1C7D271E00B338C0 /* Weather.swift */,
				45BFFD0A1C7E1F7100E42D93 /* JSON.swift */,
				4549B9AD1C8512B800AFD38D /* RoundedEdgeImage.swift */,
				457876F31C983BD5001A741C /* RoundedEdgeTextView.swift */,
				457876F51C983CC4001A741C /* RoundedEdgeLabel.swift */,
			);
			name = Utilities;
			sourceTree = "<group>";
		};
		4596BAF51C7CA03800B338C0 /* Models */ = {
			isa = PBXGroup;
			children = (
				45AFA9541C87AE1F00533E18 /* SightsDataSource.swift */,
				45D240971C95A24C007DAA96 /* Sight.swift */,
				45C4053A1C98695F0008E9AA /* CreditsData.swift */,
				45C4053C1C9869A40008E9AA /* Credits.swift */,
			);
			name = Models;
			sourceTree = "<group>";
		};
		4596BAF61C7CA04A00B338C0 /* Views */ = {
			isa = PBXGroup;
			children = (
				455570D61C7A071500C62A44 /* LaunchScreen.storyboard */,
				455570CE1C7A071500C62A44 /* Main.storyboard */,
				45AFA9561C87C6AC00533E18 /* SightsTableViewCell.swift */,
				45C405401C986D2F0008E9AA /* CreditsTableViewCell.swift */,
			);
			name = Views;
			sourceTree = "<group>";
		};
/* End PBXGroup section */

/* Begin PBXNativeTarget section */
		455570C61C7A071500C62A44 /* Ottawa */ = {
			isa = PBXNativeTarget;
			buildConfigurationList = 455570DC1C7A071500C62A44 /* Build configuration list for PBXNativeTarget "Ottawa" */;
			buildPhases = (
				455570C31C7A071500C62A44 /* Sources */,
				455570C41C7A071500C62A44 /* Frameworks */,
				455570C51C7A071500C62A44 /* Resources */,
			);
			buildRules = (
			);
			dependencies = (
			);
			name = Ottawa;
			productName = Ottawa;
			productReference = 455570C71C7A071500C62A44 /* Ottawa.app */;
			productType = "com.apple.product-type.application";
		};
/* End PBXNativeTarget section */

/* Begin PBXProject section */
		455570BF1C7A071500C62A44 /* Project object */ = {
			isa = PBXProject;
			attributes = {
				LastSwiftUpdateCheck = 0720;
				LastUpgradeCheck = 0720;
				ORGANIZATIONNAME = "Minni K Ang";
				TargetAttributes = {
					455570C61C7A071500C62A44 = {
						CreatedOnToolsVersion = 7.2.1;
						DevelopmentTeam = 7LVD7K98P2;
					};
				};
			};
			buildConfigurationList = 455570C21C7A071500C62A44 /* Build configuration list for PBXProject "Ottawa" */;
			compatibilityVersion = "Xcode 3.2";
			developmentRegion = English;
			hasScannedForEncodings = 0;
			knownRegions = (
				en,
				Base,
			);
			mainGroup = 455570BE1C7A071500C62A44;
			productRefGroup = 455570C81C7A071500C62A44 /* Products */;
			projectDirPath = "";
			projectRoot = "";
			targets = (
				455570C61C7A071500C62A44 /* Ottawa */,
			);
		};
/* End PBXProject section */

/* Begin PBXResourcesBuildPhase section */
		455570C51C7A071500C62A44 /* Resources */ = {
			isa = PBXResourcesBuildPhase;
			buildActionMask = 2147483647;
			files = (
				455570D81C7A071500C62A44 /* LaunchScreen.storyboard in Resources */,
				455570D51C7A071500C62A44 /* Assets.xcassets in Resources */,
				455570D01C7A071500C62A44 /* Main.storyboard in Resources */,
			);
			runOnlyForDeploymentPostprocessing = 0;
		};
/* End PBXResourcesBuildPhase section */

/* Begin PBXSourcesBuildPhase section */
		455570C31C7A071500C62A44 /* Sources */ = {
			isa = PBXSourcesBuildPhase;
			buildActionMask = 2147483647;
			files = (
				4549B9AE1C8512B800AFD38D /* RoundedEdgeImage.swift in Sources */,
				45C4053D1C9869A40008E9AA /* Credits.swift in Sources */,
				457876F41C983BD5001A741C /* RoundedEdgeTextView.swift in Sources */,
				4596BB001C7D271E00B338C0 /* Weather.swift in Sources */,
				4596BAFC1C7CAFF300B338C0 /* Clock.swift in Sources */,
				4596BAFA1C7CA0E000B338C0 /* IntroVC.swift in Sources */,
				45BFFD0B1C7E1F7100E42D93 /* JSON.swift in Sources */,
				45C4053B1C98695F0008E9AA /* CreditsData.swift in Sources */,
				45BFFD131C7F76D200E42D93 /* InfoVC.swift in Sources */,
				455570D31C7A071500C62A44 /* Ottawa.xcdatamodeld in Sources */,
				457876F81C984619001A741C /* CustomTabBarController.swift in Sources */,
				459A2D4E1C8289AE00C2AE9E /* AttractionsVC.swift in Sources */,
				455570CD1C7A071500C62A44 /* ViewController.swift in Sources */,
				455570CB1C7A071500C62A44 /* AppDelegate.swift in Sources */,
				45C405411C986D2F0008E9AA /* CreditsTableViewCell.swift in Sources */,
				45AFA9571C87C6AC00533E18 /* SightsTableViewCell.swift in Sources */,
				45D240981C95A24C007DAA96 /* Sight.swift in Sources */,
				45A567B81C7A9E1400B7985F /* RoundedButton.swift in Sources */,
				45BFFD161C7F9DA000E42D93 /* WinterludeVC.swift in Sources */,
				45AFA9531C87A44F00533E18 /* SightsVC.swift in Sources */,
				45BFFD1E1C7F9E5400E42D93 /* EventsVC.swift in Sources */,
				45C4053F1C986B220008E9AA /* CreditsVC.swift in Sources */,
				45AFA9551C87AE1F00533E18 /* SightsDataSource.swift in Sources */,
				457876F61C983CC4001A741C /* RoundedEdgeLabel.swift in Sources */,
			);
			runOnlyForDeploymentPostprocessing = 0;
		};
/* End PBXSourcesBuildPhase section */

/* Begin PBXVariantGroup section */
		455570CE1C7A071500C62A44 /* Main.storyboard */ = {
			isa = PBXVariantGroup;
			children = (
				455570CF1C7A071500C62A44 /* Base */,
			);
			name = Main.storyboard;
			sourceTree = "<group>";
		};
		455570D61C7A071500C62A44 /* LaunchScreen.storyboard */ = {
			isa = PBXVariantGroup;
			children = (
				455570D71C7A071500C62A44 /* Base */,
			);
			name = LaunchScreen.storyboard;
			sourceTree = "<group>";
		};
/* End PBXVariantGroup section */

/* Begin XCBuildConfiguration section */
		455570DA1C7A071500C62A44 /* Debug */ = {
			isa = XCBuildConfiguration;
			buildSettings = {
				ALWAYS_SEARCH_USER_PATHS = NO;
				CLANG_CXX_LANGUAGE_STANDARD = "gnu++0x";
				CLANG_CXX_LIBRARY = "libc++";
				CLANG_ENABLE_MODULES = YES;
				CLANG_ENABLE_OBJC_ARC = YES;
				CLANG_WARN_BOOL_CONVERSION = YES;
				CLANG_WARN_CONSTANT_CONVERSION = YES;
				CLANG_WARN_DIRECT_OBJC_ISA_USAGE = YES_ERROR;
				CLANG_WARN_EMPTY_BODY = YES;
				CLANG_WARN_ENUM_CONVERSION = YES;
				CLANG_WARN_INT_CONVERSION = YES;
				CLANG_WARN_OBJC_ROOT_CLASS = YES_ERROR;
				CLANG_WARN_UNREACHABLE_CODE = YES;
				CLANG_WARN__DUPLICATE_METHOD_MATCH = YES;
				"CODE_SIGN_IDENTITY[sdk=iphoneos*]" = "iPhone Developer";
				COPY_PHASE_STRIP = NO;
				DEBUG_INFORMATION_FORMAT = dwarf;
				ENABLE_STRICT_OBJC_MSGSEND = YES;
				ENABLE_TESTABILITY = YES;
				GCC_C_LANGUAGE_STANDARD = gnu99;
				GCC_DYNAMIC_NO_PIC = NO;
				GCC_NO_COMMON_BLOCKS = YES;
				GCC_OPTIMIZATION_LEVEL = 0;
				GCC_PREPROCESSOR_DEFINITIONS = (
					"DEBUG=1",
					"$(inherited)",
				);
				GCC_WARN_64_TO_32_BIT_CONVERSION = YES;
				GCC_WARN_ABOUT_RETURN_TYPE = YES_ERROR;
				GCC_WARN_UNDECLARED_SELECTOR = YES;
				GCC_WARN_UNINITIALIZED_AUTOS = YES_AGGRESSIVE;
				GCC_WARN_UNUSED_FUNCTION = YES;
				GCC_WARN_UNUSED_VARIABLE = YES;
				IPHONEOS_DEPLOYMENT_TARGET = 9.2;
				MTL_ENABLE_DEBUG_INFO = YES;
				ONLY_ACTIVE_ARCH = YES;
				SDKROOT = iphoneos;
				SWIFT_OPTIMIZATION_LEVEL = "-Onone";
				TARGETED_DEVICE_FAMILY = "1,2";
			};
			name = Debug;
		};
		455570DB1C7A071500C62A44 /* Release */ = {
			isa = XCBuildConfiguration;
			buildSettings = {
				ALWAYS_SEARCH_USER_PATHS = NO;
				CLANG_CXX_LANGUAGE_STANDARD = "gnu++0x";
				CLANG_CXX_LIBRARY = "libc++";
				CLANG_ENABLE_MODULES = YES;
				CLANG_ENABLE_OBJC_ARC = YES;
				CLANG_WARN_BOOL_CONVERSION = YES;
				CLANG_WARN_CONSTANT_CONVERSION = YES;
				CLANG_WARN_DIRECT_OBJC_ISA_USAGE = YES_ERROR;
				CLANG_WARN_EMPTY_BODY = YES;
				CLANG_WARN_ENUM_CONVERSION = YES;
				CLANG_WARN_INT_CONVERSION = YES;
				CLANG_WARN_OBJC_ROOT_CLASS = YES_ERROR;
				CLANG_WARN_UNREACHABLE_CODE = YES;
				CLANG_WARN__DUPLICATE_METHOD_MATCH = YES;
				"CODE_SIGN_IDENTITY[sdk=iphoneos*]" = "iPhone Developer";
				COPY_PHASE_STRIP = NO;
				DEBUG_INFORMATION_FORMAT = "dwarf-with-dsym";
				ENABLE_NS_ASSERTIONS = NO;
				ENABLE_STRICT_OBJC_MSGSEND = YES;
				GCC_C_LANGUAGE_STANDARD = gnu99;
				GCC_NO_COMMON_BLOCKS = YES;
				GCC_WARN_64_TO_32_BIT_CONVERSION = YES;
				GCC_WARN_ABOUT_RETURN_TYPE = YES_ERROR;
				GCC_WARN_UNDECLARED_SELECTOR = YES;
				GCC_WARN_UNINITIALIZED_AUTOS = YES_AGGRESSIVE;
				GCC_WARN_UNUSED_FUNCTION = YES;
				GCC_WARN_UNUSED_VARIABLE = YES;
				IPHONEOS_DEPLOYMENT_TARGET = 9.2;
				MTL_ENABLE_DEBUG_INFO = NO;
				SDKROOT = iphoneos;
				TARGETED_DEVICE_FAMILY = "1,2";
				VALIDATE_PRODUCT = YES;
			};
			name = Release;
		};
		455570DD1C7A071500C62A44 /* Debug */ = {
			isa = XCBuildConfiguration;
			buildSettings = {
				ASSETCATALOG_COMPILER_APPICON_NAME = AppIcon;
				CODE_SIGN_IDENTITY = "iPhone Developer";
				"CODE_SIGN_IDENTITY[sdk=iphoneos*]" = "iPhone Developer";
				INFOPLIST_FILE = Ottawa/Info.plist;
				LD_RUNPATH_SEARCH_PATHS = "$(inherited) @executable_path/Frameworks";
				PRODUCT_BUNDLE_IDENTIFIER = ca.CreativeIce.Ottawa;
				PRODUCT_NAME = "$(TARGET_NAME)";
				PROVISIONING_PROFILE = "";
			};
			name = Debug;
		};
		455570DE1C7A071500C62A44 /* Release */ = {
			isa = XCBuildConfiguration;
			buildSettings = {
				ASSETCATALOG_COMPILER_APPICON_NAME = AppIcon;
				CODE_SIGN_IDENTITY = "iPhone Developer";
				"CODE_SIGN_IDENTITY[sdk=iphoneos*]" = "iPhone Developer";
				INFOPLIST_FILE = Ottawa/Info.plist;
				LD_RUNPATH_SEARCH_PATHS = "$(inherited) @executable_path/Frameworks";
				PRODUCT_BUNDLE_IDENTIFIER = ca.CreativeIce.Ottawa;
				PRODUCT_NAME = "$(TARGET_NAME)";
				PROVISIONING_PROFILE = "";
			};
			name = Release;
		};
/* End XCBuildConfiguration section */

/* Begin XCConfigurationList section */
		455570C21C7A071500C62A44 /* Build configuration list for PBXProject "Ottawa" */ = {
			isa = XCConfigurationList;
			buildConfigurations = (
				455570DA1C7A071500C62A44 /* Debug */,
				455570DB1C7A071500C62A44 /* Release */,
			);
			defaultConfigurationIsVisible = 0;
			defaultConfigurationName = Release;
		};
		455570DC1C7A071500C62A44 /* Build configuration list for PBXNativeTarget "Ottawa" */ = {
			isa = XCConfigurationList;
			buildConfigurations = (
				455570DD1C7A071500C62A44 /* Debug */,
				455570DE1C7A071500C62A44 /* Release */,
			);
			defaultConfigurationIsVisible = 0;
			defaultConfigurationName = Release;
		};
/* End XCConfigurationList section */

/* Begin XCVersionGroup section */
		455570D11C7A071500C62A44 /* Ottawa.xcdatamodeld */ = {
			isa = XCVersionGroup;
			children = (
				455570D21C7A071500C62A44 /* Ottawa.xcdatamodel */,
			);
			currentVersion = 455570D21C7A071500C62A44 /* Ottawa.xcdatamodel */;
			path = Ottawa.xcdatamodeld;
			sourceTree = "<group>";
			versionGroupType = wrapper.xcdatamodel;
		};
/* End XCVersionGroup section */
	};
	rootObject = 455570BF1C7A071500C62A44 /* Project object */;
}
